
Microsoft Visual Studio Solution File, Format Version 12.00
# Visual Studio Version 17
VisualStudioVersion = 17.0.32002.185
MinimumVisualStudioVersion = 10.0.40219.1
Project("{8BC9CEB8-8B4A-11D0-8D11-00A0C91BC942}") = "Hazel", "Hazel\Hazel.vcxproj", "{F16E0413-1299-4EFB-BDCF-2343668CFE80}"
EndProject
Project("{8BC9CEB8-8B4A-11D0-8D11-00A0C91BC942}") = "Sandbox", "Sandbox\Sandbox.vcxproj", "{083F3531-A5A8-4443-BA7B-F6AC35B23926}"
EndProject
Global
	GlobalSection(SolutionConfigurationPlatforms) = preSolution
		Debug|x64 = Debug|x64
		Release|x64 = Release|x64
	EndGlobalSection
	GlobalSection(ProjectConfigurationPlatforms) = postSolution
		{F16E0413-1299-4EFB-BDCF-2343668CFE80}.Debug|x64.ActiveCfg = Debug|x64
		{F16E0413-1299-4EFB-BDCF-2343668CFE80}.Debug|x64.Build.0 = Debug|x64
		{F16E0413-1299-4EFB-BDCF-2343668CFE80}.Release|x64.ActiveCfg = Release|x64
		{F16E0413-1299-4EFB-BDCF-2343668CFE80}.Release|x64.Build.0 = Release|x64
		{083F3531-A5A8-4443-BA7B-F6AC35B23926}.Debug|x64.ActiveCfg = Debug|x64
		{083F3531-A5A8-4443-BA7B-F6AC35B23926}.Debug|x64.Build.0 = Debug|x64
		{083F3531-A5A8-4443-BA7B-F6AC35B23926}.Release|x64.ActiveCfg = Release|x64
		{083F3531-A5A8-4443-BA7B-F6AC35B23926}.Release|x64.Build.0 = Release|x64
	EndGlobalSection
	GlobalSection(SolutionProperties) = preSolution
		HideSolutionNode = FALSE
	EndGlobalSection
	GlobalSection(ExtensibilityGlobals) = postSolution
		SolutionGuid = {04B687BA-30F7-47B5-A1CF-604EF7486312}
	EndGlobalSection
EndGlobal
